
Microsoft Visual Studio Solution File, Format Version 12.00
# Visual Studio Version 16
VisualStudioVersion = 16.0.29424.173
MinimumVisualStudioVersion = 10.0.40219.1
Project("{9A19103F-16F7-4668-BE54-9A1E7A4F7556}") = "InterviewProject", "InterviewProject.Web\InterviewProject.csproj", "{059E09FE-743E-49F8-9E26-2640A4DD872A}"
EndProject
Project("{FAE04EC0-301F-11D3-BF4B-00C04F79EFBC}") = "InterviewProject.Domain", "InterviewProject.Domain\InterviewProject.Domain.csproj", "{0B8B7346-EBE3-4F35-8C6B-184073BC5E16}"
EndProject
Project("{FAE04EC0-301F-11D3-BF4B-00C04F79EFBC}") = "InterviewProject.Weather", "InterviewProject.Weather\InterviewProject.Weather.csproj", "{EF137224-4BCC-402D-8D1A-967D42E0E770}"
EndProject
Project("{FAE04EC0-301F-11D3-BF4B-00C04F79EFBC}") = "InterviewProject.Web.Tests", "InterviewProject.Web.Tests\InterviewProject.Web.Tests.csproj", "{93F98EF2-FB42-4077-82F5-F4611226F375}"
EndProject
Global
	GlobalSection(SolutionConfigurationPlatforms) = preSolution
		Debug|Any CPU = Debug|Any CPU
		Release|Any CPU = Release|Any CPU
	EndGlobalSection
	GlobalSection(ProjectConfigurationPlatforms) = postSolution
		{059E09FE-743E-49F8-9E26-2640A4DD872A}.Debug|Any CPU.ActiveCfg = Debug|Any CPU
		{059E09FE-743E-49F8-9E26-2640A4DD872A}.Debug|Any CPU.Build.0 = Debug|Any CPU
		{059E09FE-743E-49F8-9E26-2640A4DD872A}.Release|Any CPU.ActiveCfg = Release|Any CPU
		{059E09FE-743E-49F8-9E26-2640A4DD872A}.Release|Any CPU.Build.0 = Release|Any CPU
		{0B8B7346-EBE3-4F35-8C6B-184073BC5E16}.Debug|Any CPU.ActiveCfg = Debug|Any CPU
		{0B8B7346-EBE3-4F35-8C6B-184073BC5E16}.Debug|Any CPU.Build.0 = Debug|Any CPU
		{0B8B7346-EBE3-4F35-8C6B-184073BC5E16}.Release|Any CPU.ActiveCfg = Release|Any CPU
		{0B8B7346-EBE3-4F35-8C6B-184073BC5E16}.Release|Any CPU.Build.0 = Release|Any CPU
		{EF137224-4BCC-402D-8D1A-967D42E0E770}.Debug|Any CPU.ActiveCfg = Debug|Any CPU
		{EF137224-4BCC-402D-8D1A-967D42E0E770}.Debug|Any CPU.Build.0 = Debug|Any CPU
		{EF137224-4BCC-402D-8D1A-967D42E0E770}.Release|Any CPU.ActiveCfg = Release|Any CPU
		{EF137224-4BCC-402D-8D1A-967D42E0E770}.Release|Any CPU.Build.0 = Release|Any CPU
		{93F98EF2-FB42-4077-82F5-F4611226F375}.Debug|Any CPU.ActiveCfg = Debug|Any CPU
		{93F98EF2-FB42-4077-82F5-F4611226F375}.Debug|Any CPU.Build.0 = Debug|Any CPU
		{93F98EF2-FB42-4077-82F5-F4611226F375}.Release|Any CPU.ActiveCfg = Release|Any CPU
		{93F98EF2-FB42-4077-82F5-F4611226F375}.Release|Any CPU.Build.0 = Release|Any CPU
	EndGlobalSection
	GlobalSection(SolutionProperties) = preSolution
		HideSolutionNode = FALSE
	EndGlobalSection
	GlobalSection(ExtensibilityGlobals) = postSolution
		SolutionGuid = {D8B218CD-F748-4D7D-8A84-9BE7B46E6320}
	EndGlobalSection
EndGlobal
